[[package]]
name = "black"
version = "22.12.0"
description = "The uncompromising code formatter."
category = "dev"
optional = false
python-versions = ">=3.7"

[package.dependencies]
click = ">=8.0.0"
mypy-extensions = ">=0.4.3"
pathspec = ">=0.9.0"
platformdirs = ">=2"
tomli = {version = ">=1.1.0", markers = "python_full_version < \"3.11.0a7\""}
typing-extensions = {version = ">=3.10.0.0", markers = "python_version < \"3.10\""}

[package.extras]
colorama = ["colorama (>=0.4.3)"]
d = ["aiohttp (>=3.7.4)"]
jupyter = ["ipython (>=7.8.0)", "tokenize-rt (>=3.2.0)"]
uvloop = ["uvloop (>=0.15.2)"]

[[package]]
name = "click"
version = "8.1.3"
description = "Composable command line interface toolkit"
category = "dev"
optional = false
python-versions = ">=3.7"

[package.dependencies]
colorama = {version = "*", markers = "platform_system == \"Windows\""}

[[package]]
name = "colorama"
version = "0.4.6"
description = "Cross-platform colored terminal text."
category = "dev"
optional = false
python-versions = "!=3.0.*,!=3.1.*,!=3.2.*,!=3.3.*,!=3.4.*,!=3.5.*,!=3.6.*,>=2.7"

[[package]]
name = "cvxcanon"
version = "0.1.2"
description = "A low-level library to perform the matrix building step in cvxpy, a convex optimization modeling software."
category = "main"
optional = false
python-versions = "*"

[package.dependencies]
numpy = "*"
scipy = "*"

[[package]]
name = "cvxpy"
version = "1.2.2"
description = "A domain-specific language for modeling convex optimization problems in Python."
category = "main"
optional = false
python-versions = ">=3.7"

[package.dependencies]
ecos = ">=2"
numpy = ">=1.15"
osqp = ">=0.4.1"
scipy = ">=1.1.0"
scs = ">=1.1.6"

[[package]]
name = "dccp"
version = "1.0.3"
description = "A CVXPY extension for difference of convex programs."
category = "main"
optional = false
python-versions = "*"

[package.dependencies]
cvxpy = ">=0.3.5"

[[package]]
name = "dill"
version = "0.3.6"
description = "serialize all of python"
category = "main"
optional = false
python-versions = ">=3.7"

[package.extras]
graph = ["objgraph (>=1.7.2)"]

[[package]]
name = "ecos"
version = "2.0.10"
description = "This is the Python package for ECOS: Embedded Cone Solver. See Github page for more information."
category = "main"
optional = false
python-versions = "*"

[package.dependencies]
numpy = ">=1.6"
scipy = ">=0.9"

[[package]]
name = "isort"
version = "5.10.1"
description = "A Python utility / library to sort Python imports."
category = "dev"
optional = false
python-versions = ">=3.6.1,<4.0"

[package.extras]
colors = ["colorama (>=0.4.3,<0.5.0)"]
pipfile-deprecated-finder = ["pipreqs", "requirementslib"]
plugins = ["setuptools"]
requirements-deprecated-finder = ["pip-api", "pipreqs"]

[[package]]
name = "joblib"
version = "1.2.0"
description = "Lightweight pipelining with Python functions"
category = "main"
optional = false
python-versions = ">=3.7"

[[package]]
name = "mypy"
version = "0.991"
description = "Optional static typing for Python"
category = "dev"
optional = false
python-versions = ">=3.7"

[package.dependencies]
mypy-extensions = ">=0.4.3"
tomli = {version = ">=1.1.0", markers = "python_version < \"3.11\""}
typing-extensions = ">=3.10"

[package.extras]
dmypy = ["psutil (>=4.0)"]
install-types = ["pip"]
python2 = ["typed-ast (>=1.4.0,<2)"]
reports = ["lxml"]

[[package]]
name = "mypy-extensions"
version = "0.4.3"
description = "Experimental type system extensions for programs checked with the mypy typechecker."
category = "dev"
optional = false
python-versions = "*"

[[package]]
name = "numpy"
version = "1.23.5"
description = "NumPy is the fundamental package for array computing with Python."
category = "main"
optional = false
python-versions = ">=3.8"

[[package]]
name = "osqp"
version = "0.6.2.post8"
description = "OSQP: The Operator Splitting QP Solver"
category = "main"
optional = false
python-versions = "*"

[package.dependencies]
numpy = ">=1.7"
qdldl = "*"
scipy = ">=0.13.2"

[[package]]
name = "pathspec"
version = "0.10.3"
description = "Utility library for gitignore style pattern matching of file paths."
category = "dev"
optional = false
python-versions = ">=3.7"

[[package]]
name = "pip"
version = "19.3.1"
description = "The PyPA recommended tool for installing Python packages."
category = "main"
optional = false
python-versions = ">=2.7,!=3.0.*,!=3.1.*,!=3.2.*,!=3.3.*,!=3.4.*"

[[package]]
name = "platformdirs"
version = "2.6.0"
description = "A small Python package for determining appropriate platform-specific dirs, e.g. a \"user data dir\"."
category = "dev"
optional = false
python-versions = ">=3.7"

[package.extras]
docs = ["furo (>=2022.9.29)", "proselint (>=0.13)", "sphinx (>=5.3)", "sphinx-autodoc-typehints (>=1.19.4)"]
test = ["appdirs (==1.4.4)", "pytest (>=7.2)", "pytest-cov (>=4)", "pytest-mock (>=3.10)"]

[[package]]
name = "qdldl"
version = "0.1.5.post2"
description = "QDLDL, a free LDL factorization routine."
category = "main"
optional = false
python-versions = "*"

[package.dependencies]
numpy = ">=1.7"
scipy = ">=0.13.2"

[[package]]
name = "ruff"
version = "0.0.177"
description = "An extremely fast Python linter, written in Rust."
category = "dev"
optional = false
python-versions = ">=3.7"

[[package]]
name = "scikit-learn"
version = "1.2.0"
description = "A set of python modules for machine learning and data mining"
category = "main"
optional = false
python-versions = ">=3.8"

[package.dependencies]
joblib = ">=1.1.1"
numpy = ">=1.17.3"
scipy = ">=1.3.2"
threadpoolctl = ">=2.0.0"

[package.extras]
benchmark = ["matplotlib (>=3.1.3)", "memory-profiler (>=0.57.0)", "pandas (>=1.0.5)"]
docs = ["Pillow (>=7.1.2)", "matplotlib (>=3.1.3)", "memory-profiler (>=0.57.0)", "numpydoc (>=1.2.0)", "pandas (>=1.0.5)", "plotly (>=5.10.0)", "pooch (>=1.6.0)", "scikit-image (>=0.16.2)", "seaborn (>=0.9.0)", "sphinx (>=4.0.1)", "sphinx-gallery (>=0.7.0)", "sphinx-prompt (>=1.3.0)", "sphinxext-opengraph (>=0.4.2)"]
examples = ["matplotlib (>=3.1.3)", "pandas (>=1.0.5)", "plotly (>=5.10.0)", "pooch (>=1.6.0)", "scikit-image (>=0.16.2)", "seaborn (>=0.9.0)"]
tests = ["black (>=22.3.0)", "flake8 (>=3.8.2)", "matplotlib (>=3.1.3)", "mypy (>=0.961)", "numpydoc (>=1.2.0)", "pandas (>=1.0.5)", "pooch (>=1.6.0)", "pyamg (>=4.0.0)", "pytest (>=5.3.1)", "pytest-cov (>=2.9.0)", "scikit-image (>=0.16.2)"]

[[package]]
name = "scipy"
version = "1.9.3"
description = "Fundamental algorithms for scientific computing in Python"
category = "main"
optional = false
python-versions = ">=3.8"

[package.dependencies]
numpy = ">=1.18.5,<1.26.0"

[package.extras]
dev = ["flake8", "mypy", "pycodestyle", "typing_extensions"]
doc = ["matplotlib (>2)", "numpydoc", "pydata-sphinx-theme (==0.9.0)", "sphinx (!=4.1.0)", "sphinx-panels (>=0.5.2)", "sphinx-tabs"]
test = ["asv", "gmpy2", "mpmath", "pytest", "pytest-cov", "pytest-xdist", "scikit-umfpack", "threadpoolctl"]

[[package]]
name = "scs"
version = "3.2.2"
description = "scs: splitting conic solver"
category = "main"
optional = false
python-versions = "*"

[package.dependencies]
numpy = ">=1.7"
scipy = ">=0.13.2"

[[package]]
name = "setuptools"
version = "58.0.0"
description = "Easily download, build, install, upgrade, and uninstall Python packages"
category = "main"
optional = false
python-versions = ">=3.6"

[package.extras]
docs = ["furo", "jaraco.packaging (>=8.2)", "jaraco.tidelift (>=1.4)", "pygments-github-lexers (==0.0.5)", "rst.linker (>=1.9)", "sphinx", "sphinx-inline-tabs", "sphinxcontrib-towncrier"]
testing = ["flake8-2020", "jaraco.envs", "jaraco.path (>=3.2.0)", "mock", "paver", "pip (>=19.1)", "pytest (>=4.6)", "pytest-black (>=0.3.7)", "pytest-checkdocs (>=2.4)", "pytest-cov", "pytest-enabler (>=1.0.1)", "pytest-flake8", "pytest-mypy", "pytest-virtualenv (>=1.2.7)", "pytest-xdist", "sphinx", "virtualenv (>=13.0.0)", "wheel"]

[[package]]
name = "threadpoolctl"
version = "3.1.0"
description = "threadpoolctl"
category = "main"
optional = false
python-versions = ">=3.6"

[[package]]
name = "tomli"
version = "2.0.1"
description = "A lil' TOML parser"
category = "dev"
optional = false
python-versions = ">=3.7"

[[package]]
name = "typing-extensions"
version = "4.4.0"
description = "Backported and Experimental Type Hints for Python 3.7+"
category = "dev"
optional = false
python-versions = ">=3.7"

[metadata]
lock-version = "1.1"
python-versions = ">=3.8,<3.11"
content-hash = "3e0a1209c9b6de0edc2527d08cea2f4f7a09215d60c013bc2d8ea0000a157bc9"

[metadata.files]
black = [
    {file = "black-22.12.0-cp310-cp310-manylinux_2_17_x86_64.manylinux2014_x86_64.whl", hash = "sha256:9eedd20838bd5d75b80c9f5487dbcb06836a43833a37846cf1d8c1cc01cef59d"},
    {file = "black-22.12.0-cp310-cp310-win_amd64.whl", hash = "sha256:159a46a4947f73387b4d83e87ea006dbb2337eab6c879620a3ba52699b1f4351"},
    {file = "black-22.12.0-cp311-cp311-manylinux_2_17_x86_64.manylinux2014_x86_64.whl", hash = "sha256:d30b212bffeb1e252b31dd269dfae69dd17e06d92b87ad26e23890f3efea366f"},
    {file = "black-22.12.0-cp311-cp311-win_amd64.whl", hash = "sha256:7412e75863aa5c5411886804678b7d083c7c28421210180d67dfd8cf1221e1f4"},
    {file = "black-22.12.0-cp37-cp37m-manylinux_2_17_x86_64.manylinux2014_x86_64.whl", hash = "sha256:c116eed0efb9ff870ded8b62fe9f28dd61ef6e9ddd28d83d7d264a38417dcee2"},
    {file = "black-22.12.0-cp37-cp37m-win_amd64.whl", hash = "sha256:1f58cbe16dfe8c12b7434e50ff889fa479072096d79f0a7f25e4ab8e94cd8350"},
    {file = "black-22.12.0-cp38-cp38-manylinux_2_17_x86_64.manylinux2014_x86_64.whl", hash = "sha256:77d86c9f3db9b1bf6761244bc0b3572a546f5fe37917a044e02f3166d5aafa7d"},
    {file = "black-22.12.0-cp38-cp38-win_amd64.whl", hash = "sha256:82d9fe8fee3401e02e79767016b4907820a7dc28d70d137eb397b92ef3cc5bfc"},
    {file = "black-22.12.0-cp39-cp39-manylinux_2_17_x86_64.manylinux2014_x86_64.whl", hash = "sha256:101c69b23df9b44247bd88e1d7e90154336ac4992502d4197bdac35dd7ee3320"},
    {file = "black-22.12.0-cp39-cp39-win_amd64.whl", hash = "sha256:559c7a1ba9a006226f09e4916060982fd27334ae1998e7a38b3f33a37f7a2148"},
    {file = "black-22.12.0-py3-none-any.whl", hash = "sha256:436cc9167dd28040ad90d3b404aec22cedf24a6e4d7de221bec2730ec0c97bcf"},
    {file = "black-22.12.0.tar.gz", hash = "sha256:229351e5a18ca30f447bf724d007f890f97e13af070bb6ad4c0a441cd7596a2f"},
]
click = [
    {file = "click-8.1.3-py3-none-any.whl", hash = "sha256:bb4d8133cb15a609f44e8213d9b391b0809795062913b383c62be0ee95b1db48"},
    {file = "click-8.1.3.tar.gz", hash = "sha256:7682dc8afb30297001674575ea00d1814d808d6a36af415a82bd481d37ba7b8e"},
]
colorama = [
    {file = "colorama-0.4.6-py2.py3-none-any.whl", hash = "sha256:4f1d9991f5acc0ca119f9d443620b77f9d6b33703e51011c16baf57afb285fc6"},
    {file = "colorama-0.4.6.tar.gz", hash = "sha256:08695f5cb7ed6e0531a20572697297273c47b8cae5a63ffc6d6ed5c201be6e44"},
]
cvxcanon = [
    {file = "CVXcanon-0.1.2.tar.gz", hash = "sha256:d6edadd6cb543a08c16a36e39293a0e6b9091447ecc91d1728fe07898711af51"},
]
cvxpy = [
    {file = "cvxpy-1.2.2-cp310-cp310-macosx_10_9_universal2.whl", hash = "sha256:a0280e486f1eaa942a85ddbd4f660e69335a06d075381c202645679a98f9655e"},
    {file = "cvxpy-1.2.2-cp310-cp310-macosx_10_9_x86_64.whl", hash = "sha256:1af7a07246e9d8518c819e18b46a888adfe514a809f5d1393b106118fcc2260e"},
    {file = "cvxpy-1.2.2-cp310-cp310-manylinux_2_24_x86_64.whl", hash = "sha256:9d051a0186063e7e71ada198fca1c304645a00881fac63ee482fc47eb241fc06"},
    {file = "cvxpy-1.2.2-cp310-cp310-win_amd64.whl", hash = "sha256:3029fbcd99a0dac4426f989c00db77c2c76389e6366dc1af82de0ed5658f1939"},
    {file = "cvxpy-1.2.2-cp37-cp37m-macosx_10_9_x86_64.whl", hash = "sha256:dbcf638d6948ed1e6324924b1200bce3e75a3bf675a356bbbe06f7758300e0aa"},
    {file = "cvxpy-1.2.2-cp37-cp37m-manylinux_2_24_x86_64.whl", hash = "sha256:b0041dfe7e158307755910dbb72fd360144fc8602640873ddb364cbfc7363b47"},
    {file = "cvxpy-1.2.2-cp37-cp37m-win_amd64.whl", hash = "sha256:ab6e635d6849a5c8a82cd4f1a4578a24fa85ba9cd50dcd73ee0b3758acba2d57"},
    {file = "cvxpy-1.2.2-cp38-cp38-macosx_10_9_universal2.whl", hash = "sha256:99edcd3bf4b60ea7776fa9b13ae11f828017f00b32a824965c0a397e27548bdf"},
    {file = "cvxpy-1.2.2-cp38-cp38-macosx_10_9_x86_64.whl", hash = "sha256:174297709f6d68ea60e6f482e21c54237fe6a1424cc7fd8bbd296afc1b1f6695"},
    {file = "cvxpy-1.2.2-cp38-cp38-manylinux_2_24_x86_64.whl", hash = "sha256:28b37a498821699714ad3fe487837661c34efdfbf156a5b0ce02d64f69930436"},
    {file = "cvxpy-1.2.2-cp38-cp38-win_amd64.whl", hash = "sha256:711391e46dd6a9a01a7ea412de09616c8ef413c0c339f6416da35090607238b9"},
    {file = "cvxpy-1.2.2-cp39-cp39-macosx_10_9_universal2.whl", hash = "sha256:129b37ca74e27c07593ef1d2a463f8e6f61f88fd6b87302acf3deab15d135b18"},
    {file = "cvxpy-1.2.2-cp39-cp39-macosx_10_9_x86_64.whl", hash = "sha256:f6fe6952bb2ed2296ad03c9d50a3a31f4753555c6b7babe5a39cad48983678c5"},
    {file = "cvxpy-1.2.2-cp39-cp39-manylinux_2_24_x86_64.whl", hash = "sha256:da2c8338a580dc3430142c3a5022a4806eb87859b7293d11edd3ca376926a9de"},
    {file = "cvxpy-1.2.2-cp39-cp39-win_amd64.whl", hash = "sha256:aad6784de16d64320a1ee7ad4aa1c7910bc59a5a7f49b84b0f7d48cd92190155"},
    {file = "cvxpy-1.2.2.tar.gz", hash = "sha256:c8e91545585eb632ce030fbf2c301d573ec3cf7971f9a387a0f0a61a2feae6b8"},
]
dccp = [
    {file = "dccp-1.0.3-py3-none-any.whl", hash = "sha256:7c41769847938c7d02121f2c85f5636ff234b69288c9433ca39490fb9a24d07b"},
    {file = "dccp-1.0.3.tar.gz", hash = "sha256:f12cfe91c4f73de5543db318e39d17e5554246876de6c12c34e826c0939174dd"},
]
dill = [
    {file = "dill-0.3.6-py3-none-any.whl", hash = "sha256:a07ffd2351b8c678dfc4a856a3005f8067aea51d6ba6c700796a4d9e280f39f0"},
    {file = "dill-0.3.6.tar.gz", hash = "sha256:e5db55f3687856d8fbdab002ed78544e1c4559a130302693d839dfe8f93f2373"},
]
ecos = [
    {file = "ecos-2.0.10-cp310-cp310-macosx_10_9_x86_64.whl", hash = "sha256:533e1a0dec84e4e9a882b401a59b821da192f7fe4f32c6d65e400b6425858775"},
    {file = "ecos-2.0.10-cp310-cp310-manylinux_2_17_x86_64.manylinux2014_x86_64.manylinux_2_24_x86_64.whl", hash = "sha256:9b1e8134e822583f457d7759cab030e6076732bcbe977ceb1c64d8fe99c17bc3"},
    {file = "ecos-2.0.10-cp310-cp310-manylinux_2_17_x86_64.manylinux2014_x86_64.whl", hash = "sha256:0b879989adaefe2df1d690d62b9b6a7603f5a4f518de6b7603c1f6e9cc20ba9b"},
    {file = "ecos-2.0.10-cp310-cp310-win_amd64.whl", hash = "sha256:d1b7058c71808cb35e16217b832d2bf944f9a64ef852f6bd707ae66b474071e6"},
    {file = "ecos-2.0.10-cp311-cp311-macosx_10_9_x86_64.whl", hash = "sha256:8bae7a47c2f96143a666bc9fe8cd5d6e283e93326448e490360c22557c284383"},
    {file = "ecos-2.0.10-cp311-cp311-manylinux_2_17_x86_64.manylinux2014_x86_64.whl", hash = "sha256:97b2ffddbbc9403509901e6cf90a2799b531e691e4c81e07ac77c2e5bfc1c444"},
    {file = "ecos-2.0.10-cp311-cp311-win_amd64.whl", hash = "sha256:b54eaa033bf5c01bfaa65017424cd2c07336d61fc60bd726dd33b7252f528e94"},
    {file = "ecos-2.0.10-cp36-cp36m-macosx_10_9_x86_64.whl", hash = "sha256:ae8bf83a9146741faaf36448eaeeef83b4dd7a9e88b80fe0e89b03d403e3096c"},
    {file = "ecos-2.0.10-cp36-cp36m-manylinux_2_17_x86_64.manylinux2014_x86_64.manylinux_2_24_x86_64.whl", hash = "sha256:6bfe0211b99094efea0c469abbd64a7f6b991dcf0a8bed7c591c6218607a9504"},
    {file = "ecos-2.0.10-cp36-cp36m-win_amd64.whl", hash = "sha256:14deff01083fe8f54c52bee8f678eaebae54bc1eecce276324bf8ce30c306778"},
    {file = "ecos-2.0.10-cp37-cp37m-macosx_10_9_x86_64.whl", hash = "sha256:d5944f9acdfd1d23fb16a22da1e78ae98981c283e16a27fbd7cf3d52e670222b"},
    {file = "ecos-2.0.10-cp37-cp37m-manylinux_2_17_x86_64.manylinux2014_x86_64.manylinux_2_24_x86_64.whl", hash = "sha256:8f64207b256ec8ee2ee54411927604b10e56b554bd608c7af5529c3bea93eafd"},
    {file = "ecos-2.0.10-cp37-cp37m-manylinux_2_17_x86_64.manylinux2014_x86_64.whl", hash = "sha256:77c8074d2b9053b86e4e765a1480dcaa4688096b8a3d373cb040176d7f23ef0d"},
    {file = "ecos-2.0.10-cp37-cp37m-win_amd64.whl", hash = "sha256:13cfe9a4134b7a2f3a8f4b8d88ce5d5106bac3d168c356b0d77e1dd2ea9dc42d"},
    {file = "ecos-2.0.10-cp38-cp38-macosx_10_9_x86_64.whl", hash = "sha256:8a116ebad51aeb8847ddf05bb1e432f56f6a495682406f237a7f1633374b8356"},
    {file = "ecos-2.0.10-cp38-cp38-manylinux_2_17_x86_64.manylinux2014_x86_64.manylinux_2_24_x86_64.whl", hash = "sha256:6ed5ee0610b06911b6839e095a392cce52f8d88bedf86a381a9ed93c3af2a677"},
    {file = "ecos-2.0.10-cp38-cp38-manylinux_2_17_x86_64.manylinux2014_x86_64.whl", hash = "sha256:33c749deec9dd8fe1623fbfff13a2df10323a6b30dd58368691180cdaa306c1a"},
    {file = "ecos-2.0.10-cp38-cp38-win_amd64.whl", hash = "sha256:d8afaeb204c6cbb706ebee218e3817a735ba9f7b33edc20844e6fda54946403c"},
    {file = "ecos-2.0.10-cp39-cp39-macosx_10_9_x86_64.whl", hash = "sha256:b25f75808a2e136b8adc9c4dca0f3c56fc8d8256fb3c19cd162194125b4e52a9"},
    {file = "ecos-2.0.10-cp39-cp39-manylinux_2_17_x86_64.manylinux2014_x86_64.manylinux_2_24_x86_64.whl", hash = "sha256:48948eadd2e45dd9766f0686e3de27cc6ae8e9dc85c1a2139f712b9703b0374c"},
    {file = "ecos-2.0.10-cp39-cp39-manylinux_2_17_x86_64.manylinux2014_x86_64.whl", hash = "sha256:b803ce5690447d7ec04fe3580ce5903272ca7ebde2d8d9e276d8cac35baa4045"},
    {file = "ecos-2.0.10-cp39-cp39-win_amd64.whl", hash = "sha256:98c8e3b7247e7c63852974a9c4b1acc5804269b50a1aba3447220cad5e4c617f"},
    {file = "ecos-2.0.10.tar.gz", hash = "sha256:9391a73fd25b2fc56b163a2a70c78973458bb194fe475b6c27672c0d980a47cf"},
]
isort = [
    {file = "isort-5.10.1-py3-none-any.whl", hash = "sha256:6f62d78e2f89b4500b080fe3a81690850cd254227f27f75c3a0c491a1f351ba7"},
    {file = "isort-5.10.1.tar.gz", hash = "sha256:e8443a5e7a020e9d7f97f1d7d9cd17c88bcb3bc7e218bf9cf5095fe550be2951"},
]
joblib = [
    {file = "joblib-1.2.0-py3-none-any.whl", hash = "sha256:091138ed78f800342968c523bdde947e7a305b8594b910a0fea2ab83c3c6d385"},
    {file = "joblib-1.2.0.tar.gz", hash = "sha256:e1cee4a79e4af22881164f218d4311f60074197fb707e082e803b61f6d137018"},
]
mypy = [
    {file = "mypy-0.991-cp310-cp310-macosx_10_9_universal2.whl", hash = "sha256:7d17e0a9707d0772f4a7b878f04b4fd11f6f5bcb9b3813975a9b13c9332153ab"},
    {file = "mypy-0.991-cp310-cp310-macosx_10_9_x86_64.whl", hash = "sha256:0714258640194d75677e86c786e80ccf294972cc76885d3ebbb560f11db0003d"},
    {file = "mypy-0.991-cp310-cp310-macosx_11_0_arm64.whl", hash = "sha256:0c8f3be99e8a8bd403caa8c03be619544bc2c77a7093685dcf308c6b109426c6"},
    {file = "mypy-0.991-cp310-cp310-manylinux_2_17_x86_64.manylinux2014_x86_64.whl", hash = "sha256:bc9ec663ed6c8f15f4ae9d3c04c989b744436c16d26580eaa760ae9dd5d662eb"},
    {file = "mypy-0.991-cp310-cp310-musllinux_1_1_x86_64.whl", hash = "sha256:4307270436fd7694b41f913eb09210faff27ea4979ecbcd849e57d2da2f65305"},
    {file = "mypy-0.991-cp310-cp310-win_amd64.whl", hash = "sha256:901c2c269c616e6cb0998b33d4adbb4a6af0ac4ce5cd078afd7bc95830e62c1c"},
    {file = "mypy-0.991-cp311-cp311-macosx_10_9_universal2.whl", hash = "sha256:d13674f3fb73805ba0c45eb6c0c3053d218aa1f7abead6e446d474529aafc372"},
    {file = "mypy-0.991-cp311-cp311-macosx_10_9_x86_64.whl", hash = "sha256:1c8cd4fb70e8584ca1ed5805cbc7c017a3d1a29fb450621089ffed3e99d1857f"},
    {file = "mypy-0.991-cp311-cp311-macosx_11_0_arm64.whl", hash = "sha256:209ee89fbb0deed518605edddd234af80506aec932ad28d73c08f1400ef80a33"},
    {file = "mypy-0.991-cp311-cp311-manylinux_2_17_x86_64.manylinux2014_x86_64.whl", hash = "sha256:37bd02ebf9d10e05b00d71302d2c2e6ca333e6c2a8584a98c00e038db8121f05"},
    {file = "mypy-0.991-cp311-cp311-musllinux_1_1_x86_64.whl", hash = "sha256:26efb2fcc6b67e4d5a55561f39176821d2adf88f2745ddc72751b7890f3194ad"},
    {file = "mypy-0.991-cp311-cp311-win_amd64.whl", hash = "sha256:3a700330b567114b673cf8ee7388e949f843b356a73b5ab22dd7cff4742a5297"},
    {file = "mypy-0.991-cp37-cp37m-macosx_10_9_x86_64.whl", hash = "sha256:1f7d1a520373e2272b10796c3ff721ea1a0712288cafaa95931e66aa15798813"},
    {file = "mypy-0.991-cp37-cp37m-manylinux_2_17_x86_64.manylinux2014_x86_64.whl", hash = "sha256:641411733b127c3e0dab94c45af15fea99e4468f99ac88b39efb1ad677da5711"},
    {file = "mypy-0.991-cp37-cp37m-musllinux_1_1_x86_64.whl", hash = "sha256:3d80e36b7d7a9259b740be6d8d906221789b0d836201af4234093cae89ced0cd"},
    {file = "mypy-0.991-cp37-cp37m-win_amd64.whl", hash = "sha256:e62ebaad93be3ad1a828a11e90f0e76f15449371ffeecca4a0a0b9adc99abcef"},
    {file = "mypy-0.991-cp38-cp38-macosx_10_9_universal2.whl", hash = "sha256:b86ce2c1866a748c0f6faca5232059f881cda6dda2a893b9a8373353cfe3715a"},
    {file = "mypy-0.991-cp38-cp38-macosx_10_9_x86_64.whl", hash = "sha256:ac6e503823143464538efda0e8e356d871557ef60ccd38f8824a4257acc18d93"},
    {file = "mypy-0.991-cp38-cp38-macosx_11_0_arm64.whl", hash = "sha256:0cca5adf694af539aeaa6ac633a7afe9bbd760df9d31be55ab780b77ab5ae8bf"},
    {file = "mypy-0.991-cp38-cp38-manylinux_2_17_x86_64.manylinux2014_x86_64.whl", hash = "sha256:a12c56bf73cdab116df96e4ff39610b92a348cc99a1307e1da3c3768bbb5b135"},
    {file = "mypy-0.991-cp38-cp38-musllinux_1_1_x86_64.whl", hash = "sha256:652b651d42f155033a1967739788c436491b577b6a44e4c39fb340d0ee7f0d70"},
    {file = "mypy-0.991-cp38-cp38-win_amd64.whl", hash = "sha256:4175593dc25d9da12f7de8de873a33f9b2b8bdb4e827a7cae952e5b1a342e243"},
    {file = "mypy-0.991-cp39-cp39-macosx_10_9_universal2.whl", hash = "sha256:98e781cd35c0acf33eb0295e8b9c55cdbef64fcb35f6d3aa2186f289bed6e80d"},
    {file = "mypy-0.991-cp39-cp39-macosx_10_9_x86_64.whl", hash = "sha256:6d7464bac72a85cb3491c7e92b5b62f3dcccb8af26826257760a552a5e244aa5"},
    {file = "mypy-0.991-cp39-cp39-macosx_11_0_arm64.whl", hash = "sha256:c9166b3f81a10cdf9b49f2d594b21b31adadb3d5e9db9b834866c3258b695be3"},
    {file = "mypy-0.991-cp39-cp39-manylinux_2_17_x86_64.manylinux2014_x86_64.whl", hash = "sha256:b8472f736a5bfb159a5e36740847808f6f5b659960115ff29c7cecec1741c648"},
    {file = "mypy-0.991-cp39-cp39-musllinux_1_1_x86_64.whl", hash = "sha256:5e80e758243b97b618cdf22004beb09e8a2de1af481382e4d84bc52152d1c476"},
    {file = "mypy-0.991-cp39-cp39-win_amd64.whl", hash = "sha256:74e259b5c19f70d35fcc1ad3d56499065c601dfe94ff67ae48b85596b9ec1461"},
    {file = "mypy-0.991-py3-none-any.whl", hash = "sha256:de32edc9b0a7e67c2775e574cb061a537660e51210fbf6006b0b36ea695ae9bb"},
    {file = "mypy-0.991.tar.gz", hash = "sha256:3c0165ba8f354a6d9881809ef29f1a9318a236a6d81c690094c5df32107bde06"},
]
mypy-extensions = [
    {file = "mypy_extensions-0.4.3-py2.py3-none-any.whl", hash = "sha256:090fedd75945a69ae91ce1303b5824f428daf5a028d2f6ab8a299250a846f15d"},
    {file = "mypy_extensions-0.4.3.tar.gz", hash = "sha256:2d82818f5bb3e369420cb3c4060a7970edba416647068eb4c5343488a6c604a8"},
]
numpy = [
    {file = "numpy-1.23.5-cp310-cp310-macosx_10_9_x86_64.whl", hash = "sha256:9c88793f78fca17da0145455f0d7826bcb9f37da4764af27ac945488116efe63"},
    {file = "numpy-1.23.5-cp310-cp310-macosx_11_0_arm64.whl", hash = "sha256:e9f4c4e51567b616be64e05d517c79a8a22f3606499941d97bb76f2ca59f982d"},
    {file = "numpy-1.23.5-cp310-cp310-manylinux_2_17_aarch64.manylinux2014_aarch64.whl", hash = "sha256:7903ba8ab592b82014713c491f6c5d3a1cde5b4a3bf116404e08f5b52f6daf43"},
    {file = "numpy-1.23.5-cp310-cp310-manylinux_2_17_x86_64.manylinux2014_x86_64.whl", hash = "sha256:5e05b1c973a9f858c74367553e236f287e749465f773328c8ef31abe18f691e1"},
    {file = "numpy-1.23.5-cp310-cp310-win32.whl", hash = "sha256:522e26bbf6377e4d76403826ed689c295b0b238f46c28a7251ab94716da0b280"},
    {file = "numpy-1.23.5-cp310-cp310-win_amd64.whl", hash = "sha256:dbee87b469018961d1ad79b1a5d50c0ae850000b639bcb1b694e9981083243b6"},
    {file = "numpy-1.23.5-cp311-cp311-macosx_10_9_x86_64.whl", hash = "sha256:ce571367b6dfe60af04e04a1834ca2dc5f46004ac1cc756fb95319f64c095a96"},
    {file = "numpy-1.23.5-cp311-cp311-macosx_11_0_arm64.whl", hash = "sha256:56e454c7833e94ec9769fa0f86e6ff8e42ee38ce0ce1fa4cbb747ea7e06d56aa"},
    {file = "numpy-1.23.5-cp311-cp311-manylinux_2_17_aarch64.manylinux2014_aarch64.whl", hash = "sha256:5039f55555e1eab31124a5768898c9e22c25a65c1e0037f4d7c495a45778c9f2"},
    {file = "numpy-1.23.5-cp311-cp311-manylinux_2_17_x86_64.manylinux2014_x86_64.whl", hash = "sha256:58f545efd1108e647604a1b5aa809591ccd2540f468a880bedb97247e72db387"},
    {file = "numpy-1.23.5-cp311-cp311-win32.whl", hash = "sha256:b2a9ab7c279c91974f756c84c365a669a887efa287365a8e2c418f8b3ba73fb0"},
    {file = "numpy-1.23.5-cp311-cp311-win_amd64.whl", hash = "sha256:0cbe9848fad08baf71de1a39e12d1b6310f1d5b2d0ea4de051058e6e1076852d"},
    {file = "numpy-1.23.5-cp38-cp38-macosx_10_9_x86_64.whl", hash = "sha256:f063b69b090c9d918f9df0a12116029e274daf0181df392839661c4c7ec9018a"},
    {file = "numpy-1.23.5-cp38-cp38-macosx_11_0_arm64.whl", hash = "sha256:0aaee12d8883552fadfc41e96b4c82ee7d794949e2a7c3b3a7201e968c7ecab9"},
    {file = "numpy-1.23.5-cp38-cp38-manylinux_2_17_aarch64.manylinux2014_aarch64.whl", hash = "sha256:92c8c1e89a1f5028a4c6d9e3ccbe311b6ba53694811269b992c0b224269e2398"},
    {file = "numpy-1.23.5-cp38-cp38-manylinux_2_17_x86_64.manylinux2014_x86_64.whl", hash = "sha256:d208a0f8729f3fb790ed18a003f3a57895b989b40ea4dce4717e9cf4af62c6bb"},
    {file = "numpy-1.23.5-cp38-cp38-win32.whl", hash = "sha256:06005a2ef6014e9956c09ba07654f9837d9e26696a0470e42beedadb78c11b07"},
    {file = "numpy-1.23.5-cp38-cp38-win_amd64.whl", hash = "sha256:ca51fcfcc5f9354c45f400059e88bc09215fb71a48d3768fb80e357f3b457e1e"},
    {file = "numpy-1.23.5-cp39-cp39-macosx_10_9_x86_64.whl", hash = "sha256:8969bfd28e85c81f3f94eb4a66bc2cf1dbdc5c18efc320af34bffc54d6b1e38f"},
    {file = "numpy-1.23.5-cp39-cp39-macosx_11_0_arm64.whl", hash = "sha256:a7ac231a08bb37f852849bbb387a20a57574a97cfc7b6cabb488a4fc8be176de"},
    {file = "numpy-1.23.5-cp39-cp39-manylinux_2_17_aarch64.manylinux2014_aarch64.whl", hash = "sha256:bf837dc63ba5c06dc8797c398db1e223a466c7ece27a1f7b5232ba3466aafe3d"},
    {file = "numpy-1.23.5-cp39-cp39-manylinux_2_17_x86_64.manylinux2014_x86_64.whl", hash = "sha256:33161613d2269025873025b33e879825ec7b1d831317e68f4f2f0f84ed14c719"},
    {file = "numpy-1.23.5-cp39-cp39-win32.whl", hash = "sha256:af1da88f6bc3d2338ebbf0e22fe487821ea4d8e89053e25fa59d1d79786e7481"},
    {file = "numpy-1.23.5-cp39-cp39-win_amd64.whl", hash = "sha256:09b7847f7e83ca37c6e627682f145856de331049013853f344f37b0c9690e3df"},
    {file = "numpy-1.23.5-pp38-pypy38_pp73-macosx_10_9_x86_64.whl", hash = "sha256:abdde9f795cf292fb9651ed48185503a2ff29be87770c3b8e2a14b0cd7aa16f8"},
    {file = "numpy-1.23.5-pp38-pypy38_pp73-manylinux_2_17_x86_64.manylinux2014_x86_64.whl", hash = "sha256:f9a909a8bae284d46bbfdefbdd4a262ba19d3bc9921b1e76126b1d21c3c34135"},
    {file = "numpy-1.23.5-pp38-pypy38_pp73-win_amd64.whl", hash = "sha256:01dd17cbb340bf0fc23981e52e1d18a9d4050792e8fb8363cecbf066a84b827d"},
    {file = "numpy-1.23.5.tar.gz", hash = "sha256:1b1766d6f397c18153d40015ddfc79ddb715cabadc04d2d228d4e5a8bc4ded1a"},
]
osqp = [
    {file = "osqp-0.6.2.post8-cp310-cp310-macosx_10_9_x86_64.whl", hash = "sha256:c9705647d7e6171b3baaa68b0c159c43ea69cba22fbdbd8f79f86ae404a3d96f"},
    {file = "osqp-0.6.2.post8-cp310-cp310-manylinux_2_17_aarch64.manylinux2014_aarch64.whl", hash = "sha256:1ecbd173c21805b64a0b736d051312241a84327759526505578f83f7dcc81c66"},
    {file = "osqp-0.6.2.post8-cp310-cp310-manylinux_2_5_x86_64.manylinux1_x86_64.manylinux_2_17_x86_64.manylinux2014_x86_64.whl", hash = "sha256:7f888eaa54bac0261cadb145b3bcf8b2da9109cbf53fc4fdbdc6c6f6c04e2bb9"},
    {file = "osqp-0.6.2.post8-cp310-cp310-win_amd64.whl", hash = "sha256:1d635a321686d15aaf2d91b05f41f736333d6adb0639bc14fc1c22b2cfce9c80"},
    {file = "osqp-0.6.2.post8-cp311-cp311-macosx_10_9_x86_64.whl", hash = "sha256:b30e7a2f49103622fdad9ed9c127c47afae01f5a8a6994d04803d3d5deadab4e"},
    {file = "osqp-0.6.2.post8-cp311-cp311-manylinux_2_17_aarch64.manylinux2014_aarch64.whl", hash = "sha256:e2475e1417e0ff86b5cd363d9dc2796d54f2a42f67a95fc527eb2ed15df6a1ac"},
    {file = "osqp-0.6.2.post8-cp311-cp311-manylinux_2_5_x86_64.manylinux1_x86_64.manylinux_2_17_x86_64.manylinux2014_x86_64.whl", hash = "sha256:ac9c6aaebe56eae33d7545564148a8fab1d71117cbbe0eedbd2c658bc3455df9"},
    {file = "osqp-0.6.2.post8-cp311-cp311-win_amd64.whl", hash = "sha256:0a6e36151d088a9196b24fffc6b1d3a8bf79dcf9e7a5bd5f9c76c9ee1e019edf"},
    {file = "osqp-0.6.2.post8-cp36-cp36m-macosx_10_9_x86_64.whl", hash = "sha256:2f8647e63bba38f57161d80dda251c06c290bb99e4767cc58a37727ee3c8b912"},
    {file = "osqp-0.6.2.post8-cp36-cp36m-manylinux_2_17_aarch64.manylinux2014_aarch64.whl", hash = "sha256:dd4b2ee44ec08253bcafb4d8a45c7d8278caa0bc13ac7ed24aa35249da7f1d2a"},
    {file = "osqp-0.6.2.post8-cp36-cp36m-manylinux_2_5_x86_64.manylinux1_x86_64.manylinux_2_17_x86_64.manylinux2014_x86_64.whl", hash = "sha256:dea8085760268971985bb3366bf4d5fb2e8291d7013c47e6178abb964cf05b86"},
    {file = "osqp-0.6.2.post8-cp36-cp36m-win_amd64.whl", hash = "sha256:866f1bc2386b15393a68d379447808bbf3c8b2a126b0fc0669b27fcf3985b86c"},
    {file = "osqp-0.6.2.post8-cp37-cp37m-macosx_10_9_x86_64.whl", hash = "sha256:bd956b7af9d524aed60ab41ec47b20519aede28538dea8f3188ad9056c4c0b01"},
    {file = "osqp-0.6.2.post8-cp37-cp37m-manylinux_2_17_aarch64.manylinux2014_aarch64.whl", hash = "sha256:2d39020616c8b4fd9b3ec11f96bd3d68f366ab161323ecb9c1f9c7024eda2d28"},
    {file = "osqp-0.6.2.post8-cp37-cp37m-manylinux_2_5_x86_64.manylinux1_x86_64.manylinux_2_17_x86_64.manylinux2014_x86_64.whl", hash = "sha256:f30b405ec0e6a2acf52f59e04f1c258480be172f64c2d37c24adcbf2ac400548"},
    {file = "osqp-0.6.2.post8-cp37-cp37m-win_amd64.whl", hash = "sha256:2cc3a966afc4c6ef29dbeb92c59aec7479451149bb77f5c318767433da2c1863"},
    {file = "osqp-0.6.2.post8-cp38-cp38-macosx_10_9_x86_64.whl", hash = "sha256:52daa25502056aa1643e2d23ee230a7fe1c399e1a8b35a7b5dd2b77c7b356007"},
    {file = "osqp-0.6.2.post8-cp38-cp38-manylinux_2_17_aarch64.manylinux2014_aarch64.whl", hash = "sha256:58b38557b0a6181dff8f557244758b955ff27384a1f67b83d75e51fd34c9e842"},
    {file = "osqp-0.6.2.post8-cp38-cp38-manylinux_2_5_x86_64.manylinux1_x86_64.manylinux_2_17_x86_64.manylinux2014_x86_64.whl", hash = "sha256:8d4920fb588d861d0d92874cb5b4435db16fe1e36a986d30638106afe374c1a8"},
    {file = "osqp-0.6.2.post8-cp38-cp38-win_amd64.whl", hash = "sha256:497a2fb0d14d20185eaa32aa5f98374fe9a57df09ed0aedb2c27c37d0aa54afa"},
    {file = "osqp-0.6.2.post8-cp39-cp39-macosx_10_9_x86_64.whl", hash = "sha256:6a009c100eaaf93e9b2b790af61e209090d2a60b629893e21052d7216e572bbe"},
    {file = "osqp-0.6.2.post8-cp39-cp39-manylinux_2_17_aarch64.manylinux2014_aarch64.whl", hash = "sha256:470c07e7dd06588576155133ae9aea62077dbaa4310aa8e387e879403de42369"},
    {file = "osqp-0.6.2.post8-cp39-cp39-manylinux_2_5_x86_64.manylinux1_x86_64.manylinux_2_17_x86_64.manylinux2014_x86_64.whl", hash = "sha256:22724b3ac4eaf17582e3ff35cb6660c026e71138f27fc21dbae4f1dc60904c64"},
    {file = "osqp-0.6.2.post8-cp39-cp39-win_amd64.whl", hash = "sha256:02175818a0b1715ae0aab88a23678a44b269587af0ef655457042ca69a45eddd"},
    {file = "osqp-0.6.2.post8.tar.gz", hash = "sha256:23d6bae4a3612f60d5f652d0e5fa4b2ead507cabfff5d930d822057ae6ed6677"},
]
pathspec = [
    {file = "pathspec-0.10.3-py3-none-any.whl", hash = "sha256:3c95343af8b756205e2aba76e843ba9520a24dd84f68c22b9f93251507509dd6"},
    {file = "pathspec-0.10.3.tar.gz", hash = "sha256:56200de4077d9d0791465aa9095a01d421861e405b5096955051deefd697d6f6"},
]
pip = [
    {file = "pip-19.3.1-py2.py3-none-any.whl", hash = "sha256:6917c65fc3769ecdc61405d3dfd97afdedd75808d200b2838d7d961cebc0c2c7"},
    {file = "pip-19.3.1.tar.gz", hash = "sha256:21207d76c1031e517668898a6b46a9fb1501c7a4710ef5dfd6a40ad9e6757ea7"},
]
platformdirs = [
    {file = "platformdirs-2.6.0-py3-none-any.whl", hash = "sha256:1a89a12377800c81983db6be069ec068eee989748799b946cce2a6e80dcc54ca"},
    {file = "platformdirs-2.6.0.tar.gz", hash = "sha256:b46ffafa316e6b83b47489d240ce17173f123a9b9c83282141c3daf26ad9ac2e"},
]
qdldl = [
    {file = "qdldl-0.1.5.post2-cp310-cp310-macosx_10_9_x86_64.whl", hash = "sha256:408a34b735be5425dc088cdebb1129f0f5d8cc9fd8c888fc9ed0bd1a02a65d6f"},
    {file = "qdldl-0.1.5.post2-cp310-cp310-manylinux_2_17_x86_64.manylinux2014_x86_64.whl", hash = "sha256:227fe8988a86b9f9ed341ad20d11502789b4d05bceddb09a47dbb24b08d79966"},
    {file = "qdldl-0.1.5.post2-cp310-cp310-win_amd64.whl", hash = "sha256:655f5e83c9e46f2d9b32508852d92b6e8fa6d166a6f48960aac54e81cd578417"},
    {file = "qdldl-0.1.5.post2-cp36-cp36m-macosx_10_9_x86_64.whl", hash = "sha256:ae0b70e7599dd58ef16d6500947b8d2bdd4272ffbbd2ebf5c516691fdfb82212"},
    {file = "qdldl-0.1.5.post2-cp36-cp36m-manylinux_2_17_x86_64.manylinux2014_x86_64.whl", hash = "sha256:ae054e987066ae861c0bc648a7cdd523cfb1849353bc9b1591ecbf2a55ca8b7d"},
    {file = "qdldl-0.1.5.post2-cp36-cp36m-win_amd64.whl", hash = "sha256:ab77ca440cbca98377e3ade32860c8d7e4fa97759d6266759a7e2f718ec4ded1"},
    {file = "qdldl-0.1.5.post2-cp37-cp37m-macosx_10_9_x86_64.whl", hash = "sha256:fa7057d8888ea8ebba859da8b25d40e10e2f12013f6b0b033c9ab6e68cd10763"},
    {file = "qdldl-0.1.5.post2-cp37-cp37m-manylinux_2_17_x86_64.manylinux2014_x86_64.whl", hash = "sha256:879cd43b41babda79d4896f6b5a79dfbf96be5f13489553c793659116a2e9ce4"},
    {file = "qdldl-0.1.5.post2-cp37-cp37m-win_amd64.whl", hash = "sha256:05b3079837c0ec86136b4a29b3842eab7bfc7a5517d751a3e5d0d5c111a2e523"},
    {file = "qdldl-0.1.5.post2-cp38-cp38-macosx_10_9_x86_64.whl", hash = "sha256:ffbdd5bd07f2340ad2ce01d44cc95223ffa256136ac5dc32f4f80926701640fb"},
    {file = "qdldl-0.1.5.post2-cp38-cp38-manylinux_2_17_x86_64.manylinux2014_x86_64.whl", hash = "sha256:438b303b8b7b95531d93b457657ec89e742bd90c9a72da1eebfb51095007922c"},
    {file = "qdldl-0.1.5.post2-cp38-cp38-win_amd64.whl", hash = "sha256:53b19b8509f529fa6fdc8f869f6172d5c89587b657aa24d958d339de3bc47a73"},
    {file = "qdldl-0.1.5.post2-cp39-cp39-macosx_10_9_x86_64.whl", hash = "sha256:d6f0f55bb853f10e3a2025193af2d1cc202697cc7985fe7785d681114c5b3cdb"},
    {file = "qdldl-0.1.5.post2-cp39-cp39-manylinux_2_17_x86_64.manylinux2014_x86_64.whl", hash = "sha256:15d0fbff31aa19195b135ca934cf75025d46a275d915eebb7c11a7d16e148096"},
    {file = "qdldl-0.1.5.post2-cp39-cp39-win_amd64.whl", hash = "sha256:5269f40521b12941f1334a162f8f06375df6a89f0f90d8a758ae3b83b8931b18"},
    {file = "qdldl-0.1.5.post2.tar.gz", hash = "sha256:7daf7ad1bfff1da71da06e82d5147bdb1ac866581617d8f06cc4eeda48e2a149"},
]
ruff = [
    {file = "ruff-0.0.177-py3-none-macosx_10_7_x86_64.whl", hash = "sha256:4280b6692adac77f56118615310ed3f1d634008b9dfec091c36e326555d02e0b"},
    {file = "ruff-0.0.177-py3-none-macosx_10_9_x86_64.macosx_11_0_arm64.macosx_10_9_universal2.whl", hash = "sha256:bf061e86c7066eef7a9abb16852f8ff2440942211dface6f0c8ddc71d594697e"},
    {file = "ruff-0.0.177-py3-none-manylinux_2_17_aarch64.manylinux2014_aarch64.whl", hash = "sha256:96c7f6b61c957aab18e9941a925f559c1af340fe6ff92a89b5667d355d57f5af"},
    {file = "ruff-0.0.177-py3-none-manylinux_2_17_armv7l.manylinux2014_armv7l.whl", hash = "sha256:27462f8ec0d98934ce5e1eef97114efe6e97783d452fb8054d0a2077643838e2"},
    {file = "ruff-0.0.177-py3-none-manylinux_2_17_i686.manylinux2014_i686.whl", hash = "sha256:c4d88556d9e0f9a578da7cefd6424ff717abe9432f0a832902a404bc9fd8d4cf"},
    {file = "ruff-0.0.177-py3-none-manylinux_2_17_ppc64.manylinux2014_ppc64.whl", hash = "sha256:d7a850a627e24e2a8da74744f9049da3b29ddc94dceec10db5032f80524447ca"},
    {file = "ruff-0.0.177-py3-none-manylinux_2_17_ppc64le.manylinux2014_ppc64le.whl", hash = "sha256:ce4ff408a23f1d68db850ead408287aab014ae72de26f603ecf96b552e226343"},
    {file = "ruff-0.0.177-py3-none-manylinux_2_17_s390x.manylinux2014_s390x.whl", hash = "sha256:4996a980a6ba81c5edde0ad3d65c186114a7429defe3c6b018067cc81570a78e"},
    {file = "ruff-0.0.177-py3-none-manylinux_2_17_x86_64.manylinux2014_x86_64.whl", hash = "sha256:6bb30a5799f98b04259ef7d3b9bdb2d2c4934c28ca0b8f7f185e3e6075585474"},
    {file = "ruff-0.0.177-py3-none-musllinux_1_2_aarch64.whl", hash = "sha256:1a6c0eebbeb065f779516c64b08c4fcdddd9ca48c8259bb5e6bab005707578d3"},
    {file = "ruff-0.0.177-py3-none-musllinux_1_2_armv7l.whl", hash = "sha256:736ce4156182613fac2af8cfb913896d73875ba2e17da26f6a7b9a9809c7c8bd"},
    {file = "ruff-0.0.177-py3-none-musllinux_1_2_i686.whl", hash = "sha256:2e0252edbab8bd9e1a573d6174b8893f5ac7fc6685342079bc583737dcbb923b"},
    {file = "ruff-0.0.177-py3-none-musllinux_1_2_x86_64.whl", hash = "sha256:4b11a0bcad6be56c2b39b37d7c2486d86f47e4dbe63e53a4592cca44df8172ee"},
    {file = "ruff-0.0.177-py3-none-win32.whl", hash = "sha256:88b5ba142c1db12c58c79c54efa02db7cd906f8126ad3d2d0c5aa465aea23a78"},
    {file = "ruff-0.0.177-py3-none-win_amd64.whl", hash = "sha256:235edc670a7a01154a1b1c89a229b5de2b99b9afb01d6d9457565d7f7cd04c68"},
    {file = "ruff-0.0.177.tar.gz", hash = "sha256:a4eae7c3703278ae2d4c1851148d3f0d5b40a0ee506eea2a934ef1ad290a1a23"},
]
scikit-learn = [
    {file = "scikit-learn-1.2.0.tar.gz", hash = "sha256:680b65b3caee469541385d2ca5b03ff70408f6c618c583948312f0d2125df680"},
    {file = "scikit_learn-1.2.0-cp310-cp310-macosx_10_9_x86_64.whl", hash = "sha256:1beaa631434d1f17a20b1eef5d842e58c195875d2bc11901a1a70b5fe544745b"},
    {file = "scikit_learn-1.2.0-cp310-cp310-macosx_12_0_arm64.whl", hash = "sha256:d395730f26d8fc752321f1953ddf72647c892d8bed74fad4d7c816ec9b602dfa"},
    {file = "scikit_learn-1.2.0-cp310-cp310-manylinux_2_17_aarch64.manylinux2014_aarch64.whl", hash = "sha256:fd3480c982b9e616b9f76ad8587804d3f4e91b4e2a6752e7dafb8a2e1f541098"},
    {file = "scikit_learn-1.2.0-cp310-cp310-manylinux_2_17_x86_64.manylinux2014_x86_64.whl", hash = "sha256:184a42842a4e698ffa4d849b6019de50a77a0aa24d26afa28fa49c9190bb144b"},
    {file = "scikit_learn-1.2.0-cp310-cp310-win_amd64.whl", hash = "sha256:867023a044fdfe59e5014a7fec7a3086a8928f10b5dce9382eedf4135f6709a2"},
    {file = "scikit_learn-1.2.0-cp311-cp311-macosx_10_9_x86_64.whl", hash = "sha256:5546a8894a0616e92489ef995b39a0715829f3df96e801bb55cbf196be0d9649"},
    {file = "scikit_learn-1.2.0-cp311-cp311-macosx_12_0_arm64.whl", hash = "sha256:bc7073e025b62c1067cbfb76e69d08650c6b9d7a0e7afdfa20cb92d4afe516f6"},
    {file = "scikit_learn-1.2.0-cp311-cp311-manylinux_2_17_aarch64.manylinux2014_aarch64.whl", hash = "sha256:fc0a72237f0c56780cf550df87201a702d3bdcbbb23c6ef7d54c19326fa23f19"},
    {file = "scikit_learn-1.2.0-cp311-cp311-manylinux_2_17_x86_64.manylinux2014_x86_64.whl", hash = "sha256:4e1ea0bc1706da45589bcf2490cde6276490a1b88f9af208dbb396fdc3a0babf"},
    {file = "scikit_learn-1.2.0-cp311-cp311-win_amd64.whl", hash = "sha256:f17420a8e3f40129aeb7e0f5ee35822d6178617007bb8f69521a2cefc20d5f00"},
    {file = "scikit_learn-1.2.0-cp38-cp38-macosx_10_9_x86_64.whl", hash = "sha256:25ba705ee1600ffc5df1dccd8fae129d7c6836e44ffcbb52d78536c9eaf8fcf9"},
    {file = "scikit_learn-1.2.0-cp38-cp38-macosx_12_0_arm64.whl", hash = "sha256:6b63ca2b0643d30fbf9d25d93017ed3fb8351f31175d82d104bfec60cba7bb87"},
    {file = "scikit_learn-1.2.0-cp38-cp38-manylinux_2_17_aarch64.manylinux2014_aarch64.whl", hash = "sha256:83c772fa8c64776ad769fd764752c8452844307adcf10dee3adcc43988260f21"},
    {file = "scikit_learn-1.2.0-cp38-cp38-manylinux_2_17_x86_64.manylinux2014_x86_64.whl", hash = "sha256:0834e4cec2a2e0d8978f39cb8fe1cad3be6c27a47927e1774bf5737ea65ec228"},
    {file = "scikit_learn-1.2.0-cp38-cp38-win_amd64.whl", hash = "sha256:da29d2e379c396a63af5ed4b671ad2005cd690ac373a23bee5a0f66504e05272"},
    {file = "scikit_learn-1.2.0-cp39-cp39-macosx_10_9_x86_64.whl", hash = "sha256:23a88883ca60c571a06278e4726b3b51b3709cfa4c93cacbf5568b22ba960899"},
    {file = "scikit_learn-1.2.0-cp39-cp39-macosx_12_0_arm64.whl", hash = "sha256:40f3ff68c505cb9d1f3693397c73991875d609da905087e00e7b4477645ec67b"},
    {file = "scikit_learn-1.2.0-cp39-cp39-manylinux_2_17_aarch64.manylinux2014_aarch64.whl", hash = "sha256:e9535e867281ae6987bb80620ba14cf1649e936bfe45f48727b978b7a2dbe835"},
    {file = "scikit_learn-1.2.0-cp39-cp39-manylinux_2_17_x86_64.manylinux2014_x86_64.whl", hash = "sha256:de897720173b26842e21bed54362f5294e282422116b61cd931d4f5d870b9855"},
    {file = "scikit_learn-1.2.0-cp39-cp39-win_amd64.whl", hash = "sha256:ceb0008f345188aa236e49c973dc160b9ed504a3abd7b321a0ecabcb669be0bd"},
]
scipy = [
    {file = "scipy-1.9.3-cp310-cp310-macosx_10_9_x86_64.whl", hash = "sha256:1884b66a54887e21addf9c16fb588720a8309a57b2e258ae1c7986d4444d3bc0"},
    {file = "scipy-1.9.3-cp310-cp310-macosx_12_0_arm64.whl", hash = "sha256:83b89e9586c62e787f5012e8475fbb12185bafb996a03257e9675cd73d3736dd"},
    {file = "scipy-1.9.3-cp310-cp310-manylinux_2_17_aarch64.manylinux2014_aarch64.whl", hash = "sha256:1a72d885fa44247f92743fc20732ae55564ff2a519e8302fb7e18717c5355a8b"},
    {file = "scipy-1.9.3-cp310-cp310-manylinux_2_17_x86_64.manylinux2014_x86_64.whl", hash = "sha256:d01e1dd7b15bd2449c8bfc6b7cc67d630700ed655654f0dfcf121600bad205c9"},
    {file = "scipy-1.9.3-cp310-cp310-win_amd64.whl", hash = "sha256:68239b6aa6f9c593da8be1509a05cb7f9efe98b80f43a5861cd24c7557e98523"},
    {file = "scipy-1.9.3-cp311-cp311-macosx_10_9_x86_64.whl", hash = "sha256:b41bc822679ad1c9a5f023bc93f6d0543129ca0f37c1ce294dd9d386f0a21096"},
    {file = "scipy-1.9.3-cp311-cp311-macosx_12_0_arm64.whl", hash = "sha256:90453d2b93ea82a9f434e4e1cba043e779ff67b92f7a0e85d05d286a3625df3c"},
    {file = "scipy-1.9.3-cp311-cp311-manylinux_2_17_aarch64.manylinux2014_aarch64.whl", hash = "sha256:83c06e62a390a9167da60bedd4575a14c1f58ca9dfde59830fc42e5197283dab"},
    {file = "scipy-1.9.3-cp311-cp311-manylinux_2_17_x86_64.manylinux2014_x86_64.whl", hash = "sha256:abaf921531b5aeaafced90157db505e10345e45038c39e5d9b6c7922d68085cb"},
    {file = "scipy-1.9.3-cp311-cp311-win_amd64.whl", hash = "sha256:06d2e1b4c491dc7d8eacea139a1b0b295f74e1a1a0f704c375028f8320d16e31"},
    {file = "scipy-1.9.3-cp38-cp38-macosx_10_9_x86_64.whl", hash = "sha256:5a04cd7d0d3eff6ea4719371cbc44df31411862b9646db617c99718ff68d4840"},
    {file = "scipy-1.9.3-cp38-cp38-macosx_12_0_arm64.whl", hash = "sha256:545c83ffb518094d8c9d83cce216c0c32f8c04aaf28b92cc8283eda0685162d5"},
    {file = "scipy-1.9.3-cp38-cp38-manylinux_2_17_aarch64.manylinux2014_aarch64.whl", hash = "sha256:0d54222d7a3ba6022fdf5773931b5d7c56efe41ede7f7128c7b1637700409108"},
    {file = "scipy-1.9.3-cp38-cp38-manylinux_2_17_x86_64.manylinux2014_x86_64.whl", hash = "sha256:cff3a5295234037e39500d35316a4c5794739433528310e117b8a9a0c76d20fc"},
    {file = "scipy-1.9.3-cp38-cp38-win_amd64.whl", hash = "sha256:2318bef588acc7a574f5bfdff9c172d0b1bf2c8143d9582e05f878e580a3781e"},
    {file = "scipy-1.9.3-cp39-cp39-macosx_10_9_x86_64.whl", hash = "sha256:d644a64e174c16cb4b2e41dfea6af722053e83d066da7343f333a54dae9bc31c"},
    {file = "scipy-1.9.3-cp39-cp39-macosx_12_0_arm64.whl", hash = "sha256:da8245491d73ed0a994ed9c2e380fd058ce2fa8a18da204681f2fe1f57f98f95"},
    {file = "scipy-1.9.3-cp39-cp39-manylinux_2_17_aarch64.manylinux2014_aarch64.whl", hash = "sha256:4db5b30849606a95dcf519763dd3ab6fe9bd91df49eba517359e450a7d80ce2e"},
    {file = "scipy-1.9.3-cp39-cp39-manylinux_2_17_x86_64.manylinux2014_x86_64.whl", hash = "sha256:c68db6b290cbd4049012990d7fe71a2abd9ffbe82c0056ebe0f01df8be5436b0"},
    {file = "scipy-1.9.3-cp39-cp39-win_amd64.whl", hash = "sha256:5b88e6d91ad9d59478fafe92a7c757d00c59e3bdc3331be8ada76a4f8d683f58"},
    {file = "scipy-1.9.3.tar.gz", hash = "sha256:fbc5c05c85c1a02be77b1ff591087c83bc44579c6d2bd9fb798bb64ea5e1a027"},
]
scs = [
    {file = "scs-3.2.2-cp310-cp310-macosx_10_9_x86_64.whl", hash = "sha256:14ffecb2e09811f976ae3957ffdf482d9e9fa3224c671028146925c9f226a3f9"},
    {file = "scs-3.2.2-cp310-cp310-manylinux_2_17_x86_64.manylinux2014_x86_64.whl", hash = "sha256:9d631cfac998b9fbb7173059e62ceae95367de261e002c146fa991363996e7f1"},
    {file = "scs-3.2.2-cp310-cp310-win_amd64.whl", hash = "sha256:324bb179191291a93bcb798dac04375c7b5b66aa6b868f9155887ecc629084da"},
    {file = "scs-3.2.2-cp311-cp311-macosx_10_9_x86_64.whl", hash = "sha256:a5877bc447a84e6ad0538376d9783496bec1cd78d0c5b0e92c0867cc09b817aa"},
    {file = "scs-3.2.2-cp311-cp311-manylinux_2_17_x86_64.manylinux2014_x86_64.whl", hash = "sha256:70458d8e1c729ce447386caa001b48c61c21ab937b531ad0345b792de8f45a6e"},
    {file = "scs-3.2.2-cp311-cp311-win_amd64.whl", hash = "sha256:502681de679db3d03906f4d04b0360d20e269d84e31a09b0723b16a0917c5d9b"},
    {file = "scs-3.2.2-cp36-cp36m-macosx_10_9_x86_64.whl", hash = "sha256:4934a88363bef6797ea46024b5a9182b3c5ce1e8f03f6534a8516fdc1f08966c"},
    {file = "scs-3.2.2-cp36-cp36m-manylinux_2_17_x86_64.manylinux2014_x86_64.whl", hash = "sha256:280679c2610c66892f8b41c04045eb45084241f6b8f99c933e5172e5564026d8"},
    {file = "scs-3.2.2-cp36-cp36m-win_amd64.whl", hash = "sha256:bb5ace2196525d29ebf37a421513eed8b06e1966c568e3a8d003a13d7186d9a7"},
    {file = "scs-3.2.2-cp37-cp37m-macosx_10_9_x86_64.whl", hash = "sha256:700732c009ebc2244be129663667d6e7bc1db22926ddb12559b229f97d11ef36"},
    {file = "scs-3.2.2-cp37-cp37m-manylinux_2_17_x86_64.manylinux2014_x86_64.whl", hash = "sha256:6df4c5b1bf9a14f8c092bf555bd0be00593658cabe6b4ac218c5f255c2612de9"},
    {file = "scs-3.2.2-cp37-cp37m-win_amd64.whl", hash = "sha256:e2f0ef31ca1dd53bb7431521640820a1181f4f61bdf6c5f8af28a160af1660c7"},
    {file = "scs-3.2.2-cp38-cp38-macosx_10_9_x86_64.whl", hash = "sha256:91012aa6e1597aa02a73356f4d3d14e9e0628741b3d437462f6d9f3e59ffb209"},
    {file = "scs-3.2.2-cp38-cp38-manylinux_2_17_x86_64.manylinux2014_x86_64.whl", hash = "sha256:341acbc6cb82da17a65b19fd4eb345752410c8b9d27e70d1b867078a77937e53"},
    {file = "scs-3.2.2-cp38-cp38-win_amd64.whl", hash = "sha256:81ff652616520cdbed23e337d19a660dea09b97fff6aa27a278c89e5695bb8aa"},
    {file = "scs-3.2.2-cp39-cp39-macosx_10_9_x86_64.whl", hash = "sha256:a436227d9e71bc3510ef67cf3b4921af1ea8d79486cd538059af91ea89d78601"},
    {file = "scs-3.2.2-cp39-cp39-manylinux_2_17_x86_64.manylinux2014_x86_64.whl", hash = "sha256:ca69d8121cc21a5f0334ce0615a4c995be6f9044ea40dd4124f2a69c7f20ed56"},
    {file = "scs-3.2.2-cp39-cp39-win_amd64.whl", hash = "sha256:d6b69c800f8aea092b66524b0f8c145515462fc013d5a79a8a3083d9535d64db"},
    {file = "scs-3.2.2.tar.gz", hash = "sha256:7206a2ad27ca031d693d65cbcbcfc661498f3983838079a66579bcc784b25293"},
]
setuptools = [
    {file = "setuptools-58.0.0-py3-none-any.whl", hash = "sha256:fa14855ea8332dc12cae21b8e18cf55573eeaabad9fe3b8b787e6a74e01885d3"},
    {file = "setuptools-58.0.0.tar.gz", hash = "sha256:ee45f4d69c4bbd21a27b60a7f1f32cbdcd34755cb613e5c4edcb58145394a0a3"},
]
threadpoolctl = [
    {file = "threadpoolctl-3.1.0-py3-none-any.whl", hash = "sha256:8b99adda265feb6773280df41eece7b2e6561b772d21ffd52e372f999024907b"},
    {file = "threadpoolctl-3.1.0.tar.gz", hash = "sha256:a335baacfaa4400ae1f0d8e3a58d6674d2f8828e3716bb2802c44955ad391380"},
]
tomli = [
    {file = "tomli-2.0.1-py3-none-any.whl", hash = "sha256:939de3e7a6161af0c887ef91b7d41a53e7c5a1ca976325f429cb46ea9bc30ecc"},
    {file = "tomli-2.0.1.tar.gz", hash = "sha256:de526c12914f0c550d15924c62d72abc48d6fe7364aa87328337a31007fe8a4f"},
]
typing-extensions = [
    {file = "typing_extensions-4.4.0-py3-none-any.whl", hash = "sha256:16fa4864408f655d35ec496218b85f79b3437c829e93320c7c9215ccfd92489e"},
    {file = "typing_extensions-4.4.0.tar.gz", hash = "sha256:1511434bb92bf8dd198c12b1cc812e800d4181cfcb867674e0f8279cc93087aa"},
]
