[[package]]
name = "cvxcanon"
version = "0.1.1"
description = "A low-level library to perform the matrix building step in cvxpy, a convex optimization modeling software."
category = "main"
optional = false
python-versions = "*"

[package.dependencies]
numpy = "*"
scipy = "*"

[[package]]
name = "cvxpy"
version = "0.4.11"
description = "A domain-specific language for modeling convex optimization problems in Python."
category = "main"
optional = false
python-versions = "*"

[package.dependencies]
CVXcanon = ">=0.0.22"
ecos = ">=2"
fastcache = "*"
multiprocess = "*"
numpy = ">=1.9"
scipy = ">=0.15"
scs = ">=1.1.3"
six = "*"
toolz = "*"

[[package]]
name = "dccp"
version = "0.1.6"
description = "A CVXPY extension for difference of convex programs."
category = "main"
optional = false
python-versions = "*"

[package.dependencies]
cvxpy = ">=0.3.5"

[[package]]
name = "dill"
version = "0.3.0"
description = "serialize all of python"
category = "main"
optional = false
python-versions = ">=2.6, !=3.0.*"

[package.extras]
graph = ["objgraph (>=1.7.2)"]

[[package]]
name = "ecos"
version = "2.0.7.post1"
description = "This is the Python package for ECOS: Embedded Cone Solver. See Github page for more information."
category = "main"
optional = false
python-versions = "*"

[package.dependencies]
numpy = ">=1.6"
scipy = ">=0.9"

[[package]]
name = "fastcache"
version = "1.1.0"
description = "C implementation of Python 3 functools.lru_cache"
category = "main"
optional = false
python-versions = "*"

[[package]]
name = "multiprocess"
version = "0.70.8"
description = "better multiprocessing and multithreading in python"
category = "main"
optional = false
python-versions = "*"

[package.dependencies]
dill = ">=0.3.0"

[[package]]
name = "numpy"
version = "1.16.4"
description = "NumPy is the fundamental package for array computing with Python."
category = "main"
optional = false
python-versions = ">=2.7,!=3.0.*,!=3.1.*,!=3.2.*,!=3.3.*"

[[package]]
name = "scikit-learn"
version = "0.19.1"
description = "A set of python modules for machine learning and data mining"
category = "main"
optional = false
python-versions = "*"

[package.extras]
alldeps = ["numpy (>=1.8.2)", "scipy (>=0.13.3)"]

[[package]]
name = "scipy"
version = "1.2.2"
description = "SciPy: Scientific Library for Python"
category = "main"
optional = false
python-versions = ">=2.7,!=3.0.*,!=3.1.*,!=3.2.*,!=3.3.*"

[package.dependencies]
numpy = ">=1.8.2"

[[package]]
name = "scs"
version = "2.1.1-2"
description = "scs: splitting conic solver"
category = "main"
optional = false
python-versions = "*"

[package.dependencies]
numpy = ">=1.7"
scipy = ">=0.13.2"

[[package]]
name = "six"
version = "1.12.0"
description = "Python 2 and 3 compatibility utilities"
category = "main"
optional = false
python-versions = ">=2.6, !=3.0.*, !=3.1.*"

[[package]]
name = "toolz"
version = "0.10.0"
description = "List processing tools and functional utilities"
category = "main"
optional = false
python-versions = ">=2.7, !=3.0.*, !=3.1.*, !=3.2.*, !=3.3.*"

[metadata]
lock-version = "1.1"
python-versions = "^2.7.17"
content-hash = "6a1c748ac1233b9e20164c2ea5856e67f0a53f8d177bc2938e71c32e19a5e6e7"

[metadata.files]
cvxcanon = [
    {file = "CVXcanon-0.1.1.tar.gz", hash = "sha256:70d7ca2e9200e2eb5d2d74131249110d8582c4227c92e553891e73c53c630fc5"},
]
cvxpy = [
    {file = "cvxpy-0.4.11-py2-none-any.whl", hash = "sha256:27b1291be48bed404f2b9267ab550ecd7afafeff8e577845d56f8f5aa349aaec"},
    {file = "cvxpy-0.4.11.tar.gz", hash = "sha256:7523651f2c9a7a8f3b8e87038d6869c8d7f2bfa74dd3aadc71735f07c2f6eed2"},
]
dccp = [
    {file = "dccp-0.1.6.tar.gz", hash = "sha256:dd64744e19b35fd4de7721b4478bb9e0afe2dd1c09cded04f64dd9ccebd84a69"},
]
dill = [
    {file = "dill-0.3.0.tar.gz", hash = "sha256:993409439ebf7f7902d9de93eaa2a395e0446ff773d29f13dc46646482f76906"},
]
ecos = [
    {file = "ecos-2.0.7.post1-cp27-cp27m-macosx_10_13_x86_64.whl", hash = "sha256:dd9f01e28fe58894fb394931804884122606fb4e2a59d4514b803e9cd11b7d2b"},
    {file = "ecos-2.0.7.post1-cp27-cp27m-manylinux1_i686.whl", hash = "sha256:db7433051f6072d4821ebc582e9ff853d7d631ed98770550d248eae70b29dd26"},
    {file = "ecos-2.0.7.post1-cp27-cp27m-manylinux1_x86_64.whl", hash = "sha256:96ddc1c4e440820bb343c44785da480a64a9c468ec467b997e40f0c7d3236226"},
    {file = "ecos-2.0.7.post1-cp27-cp27m-win32.whl", hash = "sha256:574fa26661d192e48551a30e217296875020fdb7eebf9a072a14d68a0b9de03a"},
    {file = "ecos-2.0.7.post1-cp27-cp27mu-manylinux1_i686.whl", hash = "sha256:7c871b7a49a5855e7df0d60a06d0e2148a4b183d612f7db5e155988629c3ec21"},
    {file = "ecos-2.0.7.post1-cp27-cp27mu-manylinux1_x86_64.whl", hash = "sha256:845455f99cd579ee0cdfbcea675b4e4f7674b563e6a54a225977fc0819cda7e0"},
    {file = "ecos-2.0.7.post1-cp34-cp34m-manylinux1_i686.whl", hash = "sha256:e002df0f4b6777be68c73756e60f3cf76cb5f2f7d36c4f1a482c5538aac1a287"},
    {file = "ecos-2.0.7.post1-cp34-cp34m-manylinux1_x86_64.whl", hash = "sha256:feda86ddd191b1ae34d5ea615743894d1baa800f2dbb552cb7c7095a87037831"},
    {file = "ecos-2.0.7.post1-cp34-cp34m-win32.whl", hash = "sha256:6b0829b76ba49f6ebf8b9512673a0b702b756704927cbb106043e1b2273dadea"},
    {file = "ecos-2.0.7.post1-cp34-cp34m-win_amd64.whl", hash = "sha256:54f7c480029fbfa738ddb8e538388868b2a17c9189a426d924ca0c36e4cbbbd5"},
    {file = "ecos-2.0.7.post1-cp35-cp35m-manylinux1_i686.whl", hash = "sha256:1f811e7244a58a7037474b3dead85c7ffd524cf631c90584cc544e438f114cf9"},
    {file = "ecos-2.0.7.post1-cp35-cp35m-manylinux1_x86_64.whl", hash = "sha256:72657189f71dbde01d1df841d2139e04da17071c8d3270919c8501f239d8c8e4"},
    {file = "ecos-2.0.7.post1-cp35-cp35m-win32.whl", hash = "sha256:30e7e9c5ad8a012ba1f69aa6827beb99f208323f678a82fcccc30e4ab8090aad"},
    {file = "ecos-2.0.7.post1-cp35-cp35m-win_amd64.whl", hash = "sha256:94dd0f82a18550232e4924e6c42730c46d7cdc03c4e2dc889e98ec97c0f24061"},
    {file = "ecos-2.0.7.post1-cp36-cp36m-macosx_10_13_x86_64.whl", hash = "sha256:361758a3568eb5a3a9b37c00a22b36f9548bbd0cd21f1da904a3627285bb4274"},
    {file = "ecos-2.0.7.post1-cp36-cp36m-manylinux1_i686.whl", hash = "sha256:831acb6bac205025ffe87002d8f425d2764a70db3d9d053a1f7e0e50bc2a18b9"},
    {file = "ecos-2.0.7.post1-cp36-cp36m-manylinux1_x86_64.whl", hash = "sha256:912b17f72476aff33b32e92decd7c02ddb929db28227563b3750948783cff6f4"},
    {file = "ecos-2.0.7.post1-cp36-cp36m-win32.whl", hash = "sha256:4fdfee011853cd07d494ef58a9299b1f0ccf0268c375109cb2b60727f746ea74"},
    {file = "ecos-2.0.7.post1-cp36-cp36m-win_amd64.whl", hash = "sha256:fb64fb29aef26474f807df4f0c198a6d192291edc9faa3bb05e3bc9b1e2b960a"},
    {file = "ecos-2.0.7.post1-cp37-cp37m-manylinux1_i686.whl", hash = "sha256:4b3068ef023c4f39f6c0d6fd73d27d8a8008f8b14e1f4ddd8d0f4876e841b986"},
    {file = "ecos-2.0.7.post1-cp37-cp37m-manylinux1_x86_64.whl", hash = "sha256:4f775caf828597d094cddae54f7ed12b4a5aa760f535a92ccabec47741e4d61c"},
    {file = "ecos-2.0.7.post1.tar.gz", hash = "sha256:83e90f42b3f32e2a93f255c3cfad2da78dbd859119e93844c45d2fca20bdc758"},
]
fastcache = [
    {file = "fastcache-1.1.0.tar.gz", hash = "sha256:6de1b16e70335b7bde266707eb401a3aaec220fb66c5d13b02abf0eab8be782b"},
]
multiprocess = [
    {file = "multiprocess-0.70.8-cp27-cp27m-win32.whl", hash = "sha256:8f69e705f7aabfbb8dc17252daca34331f0ce5c1b91bae0ddd0f3ee03f90a580"},
    {file = "multiprocess-0.70.8-cp27-cp27m-win_amd64.whl", hash = "sha256:786bd6684c8d339a56bf8f32fb846da4ccb5924f7c2679c946d64d2684e552f7"},
    {file = "multiprocess-0.70.8-cp35-cp35m-win32.whl", hash = "sha256:1b7084eac782f50eb21da2ea571e062bbf504851212cdb4c7ad1cad7bed036c6"},
    {file = "multiprocess-0.70.8-cp35-cp35m-win_amd64.whl", hash = "sha256:64b415e0cb746bc9e9620b92a300b2d37f111ff1780ba953c899bf56cea16ce8"},
    {file = "multiprocess-0.70.8-cp36-cp36m-win32.whl", hash = "sha256:3ac3bad735f67407678ed2b6b682ed115b9983165f4c7cd5929afba9f1f6fe6c"},
    {file = "multiprocess-0.70.8-cp36-cp36m-win_amd64.whl", hash = "sha256:649d69115b5e93b4a5c77dee6a861a28c74105cc1d8a420da308afa99914b4ee"},
    {file = "multiprocess-0.70.8-cp37-cp37m-win32.whl", hash = "sha256:b2026f00a358a3ac00f41c83d5d7f05ae15cd4b1e061fc00f672abd98cf322ae"},
    {file = "multiprocess-0.70.8-cp37-cp37m-win_amd64.whl", hash = "sha256:20c3715959d45a902ae425ea5b275288093588da5826d281846912f520818712"},
    {file = "multiprocess-0.70.8.tar.gz", hash = "sha256:fc6b2d8f33e7d437a82c6d1c2f1673ae20a271152a1ac6a18571d10308de027d"},
]
numpy = [
    {file = "numpy-1.16.4-cp27-cp27m-macosx_10_6_intel.macosx_10_9_intel.macosx_10_9_x86_64.macosx_10_10_intel.macosx_10_10_x86_64.whl", hash = "sha256:b5554368e4ede1856121b0dfa35ce71768102e4aa55e526cb8de7f374ff78722"},
    {file = "numpy-1.16.4-cp27-cp27m-manylinux1_i686.whl", hash = "sha256:e8baab1bc7c9152715844f1faca6744f2416929de10d7639ed49555a85549f52"},
    {file = "numpy-1.16.4-cp27-cp27m-manylinux1_x86_64.whl", hash = "sha256:2a04dda79606f3d2f760384c38ccd3d5b9bb79d4c8126b67aff5eb09a253763e"},
    {file = "numpy-1.16.4-cp27-cp27m-win32.whl", hash = "sha256:94f5bd885f67bbb25c82d80184abbf7ce4f6c3c3a41fbaa4182f034bba803e69"},
    {file = "numpy-1.16.4-cp27-cp27m-win_amd64.whl", hash = "sha256:7dc253b542bfd4b4eb88d9dbae4ca079e7bf2e2afd819ee18891a43db66c60c7"},
    {file = "numpy-1.16.4-cp27-cp27mu-manylinux1_i686.whl", hash = "sha256:0778076e764e146d3078b17c24c4d89e0ecd4ac5401beff8e1c87879043a0633"},
    {file = "numpy-1.16.4-cp27-cp27mu-manylinux1_x86_64.whl", hash = "sha256:b0348be89275fd1d4c44ffa39530c41a21062f52299b1e3ee7d1c61f060044b8"},
    {file = "numpy-1.16.4-cp35-cp35m-macosx_10_6_intel.macosx_10_9_intel.macosx_10_9_x86_64.macosx_10_10_intel.macosx_10_10_x86_64.whl", hash = "sha256:52c40f1a4262c896420c6ea1c6fda62cf67070e3947e3307f5562bd783a90336"},
    {file = "numpy-1.16.4-cp35-cp35m-manylinux1_i686.whl", hash = "sha256:141c7102f20abe6cf0d54c4ced8d565b86df4d3077ba2343b61a6db996cefec7"},
    {file = "numpy-1.16.4-cp35-cp35m-manylinux1_x86_64.whl", hash = "sha256:6e4f8d9e8aa79321657079b9ac03f3cf3fd067bf31c1cca4f56d49543f4356a5"},
    {file = "numpy-1.16.4-cp35-cp35m-win32.whl", hash = "sha256:d79f18f41751725c56eceab2a886f021d70fd70a6188fd386e29a045945ffc10"},
    {file = "numpy-1.16.4-cp35-cp35m-win_amd64.whl", hash = "sha256:14270a1ee8917d11e7753fb54fc7ffd1934f4d529235beec0b275e2ccf00333b"},
    {file = "numpy-1.16.4-cp36-cp36m-macosx_10_6_intel.macosx_10_9_intel.macosx_10_9_x86_64.macosx_10_10_intel.macosx_10_10_x86_64.whl", hash = "sha256:a89e188daa119ffa0d03ce5123dee3f8ffd5115c896c2a9d4f0dbb3d8b95bfa3"},
    {file = "numpy-1.16.4-cp36-cp36m-manylinux1_i686.whl", hash = "sha256:ec31fe12668af687b99acf1567399632a7c47b0e17cfb9ae47c098644ef36797"},
    {file = "numpy-1.16.4-cp36-cp36m-manylinux1_x86_64.whl", hash = "sha256:27e11c7a8ec9d5838bc59f809bfa86efc8a4fd02e58960fa9c49d998e14332d5"},
    {file = "numpy-1.16.4-cp36-cp36m-win32.whl", hash = "sha256:dc2ca26a19ab32dc475dbad9dfe723d3a64c835f4c23f625c2b6566ca32b9f29"},
    {file = "numpy-1.16.4-cp36-cp36m-win_amd64.whl", hash = "sha256:ad3399da9b0ca36e2f24de72f67ab2854a62e623274607e37e0ce5f5d5fa9166"},
    {file = "numpy-1.16.4-cp37-cp37m-macosx_10_6_intel.macosx_10_9_intel.macosx_10_9_x86_64.macosx_10_10_intel.macosx_10_10_x86_64.whl", hash = "sha256:f58ac38d5ca045a377b3b377c84df8175ab992c970a53332fa8ac2373df44ff7"},
    {file = "numpy-1.16.4-cp37-cp37m-manylinux1_i686.whl", hash = "sha256:f12b4f7e2d8f9da3141564e6737d79016fe5336cc92de6814eba579744f65b0a"},
    {file = "numpy-1.16.4-cp37-cp37m-manylinux1_x86_64.whl", hash = "sha256:cbddc56b2502d3f87fda4f98d948eb5b11f36ff3902e17cb6cc44727f2200525"},
    {file = "numpy-1.16.4-cp37-cp37m-win32.whl", hash = "sha256:3c26010c1b51e1224a3ca6b8df807de6e95128b0908c7e34f190e7775455b0ca"},
    {file = "numpy-1.16.4-cp37-cp37m-win_amd64.whl", hash = "sha256:dd9bcd4f294eb0633bb33d1a74febdd2b9018b8b8ed325f861fffcd2c7660bb8"},
    {file = "numpy-1.16.4.zip", hash = "sha256:7242be12a58fec245ee9734e625964b97cf7e3f2f7d016603f9e56660ce479c7"},
]
scikit-learn = [
    {file = "scikit-learn-0.19.1.tar.gz", hash = "sha256:5ca0ad32ee04abe0d4ba02c8d89d501b4e5e0304bdf4d45c2e9875a735b323a0"},
    {file = "scikit-learn-0.19.1.win-amd64-py2.7.exe", hash = "sha256:a58746d4f389ea7df1d908dba8b52f709835f91c342f459a3ade5424330c69d1"},
    {file = "scikit-learn-0.19.1.win-amd64-py3.5.exe", hash = "sha256:fdc39e89bd3466befb76dfc0c258d4ccad159df974954a87de3be5759172a067"},
    {file = "scikit-learn-0.19.1.win32-py2.7.exe", hash = "sha256:6e0899953611d0c47c0d49c5950082ab016b38811fced91cd2dcc889dd94f50a"},
    {file = "scikit-learn-0.19.1.win32-py3.5.exe", hash = "sha256:b2a10e2f9b73de10d8486f7a23549093436062b69139158802910a0f154aa53b"},
    {file = "scikit_learn-0.19.1-cp27-cp27m-macosx_10_6_intel.macosx_10_9_intel.macosx_10_9_x86_64.macosx_10_10_intel.macosx_10_10_x86_64.whl", hash = "sha256:3775cca4ce3f94508bb7c8a6b113044b78c16b0a30a5c169ddeb6b9fe57a8a72"},
    {file = "scikit_learn-0.19.1-cp27-cp27m-manylinux1_i686.whl", hash = "sha256:873245b03361710f47c5410a050dc56ee8ae97b9f8dcc6e3a81521ca2b64ad10"},
    {file = "scikit_learn-0.19.1-cp27-cp27m-manylinux1_x86_64.whl", hash = "sha256:370919e3148253fd6552496c33a1e3d78290a336fc8d1b9349d9e9770fae6ec0"},
    {file = "scikit_learn-0.19.1-cp27-cp27m-win32.whl", hash = "sha256:a21cf8217e31a9e8e32c559246e05e6909981816152406945ae2e3e244dfcc1f"},
    {file = "scikit_learn-0.19.1-cp27-cp27m-win_amd64.whl", hash = "sha256:e54a3dd1fe1f8124de90b93c48d120e6da2ea8df29b6895325df01ddc1bd8e26"},
    {file = "scikit_learn-0.19.1-cp27-cp27mu-manylinux1_i686.whl", hash = "sha256:ce78bf4d10bd7e28807c36c6d2ab25a9934aaf80906ad987622a5e45627d91a2"},
    {file = "scikit_learn-0.19.1-cp27-cp27mu-manylinux1_x86_64.whl", hash = "sha256:ba3fd442ae1a46830789b3578867daaf2c8409dcca6bf192e30e85beeabbfc2f"},
    {file = "scikit_learn-0.19.1-cp34-cp34m-macosx_10_6_intel.macosx_10_9_intel.macosx_10_9_x86_64.macosx_10_10_intel.macosx_10_10_x86_64.whl", hash = "sha256:f9abae483f4d52acd6f660addb1b67e35dc5748655250af479de2ea6aefc6df0"},
    {file = "scikit_learn-0.19.1-cp34-cp34m-manylinux1_i686.whl", hash = "sha256:5c9ff456d67ef9094e5ea272fff2be05d399a47fc30c6c8ed653b94bdf787bd1"},
    {file = "scikit_learn-0.19.1-cp34-cp34m-manylinux1_x86_64.whl", hash = "sha256:871669cdb5b3481650fe3adff46eb97c455e30ecdc307eaf382ef90d4e2570ab"},
    {file = "scikit_learn-0.19.1-cp34-cp34m-win32.whl", hash = "sha256:d4da369614e55540c7e830ccdd17ab4fe5412ff8e803a4906d3ece393e2e3a63"},
    {file = "scikit_learn-0.19.1-cp34-cp34m-win_amd64.whl", hash = "sha256:42f3c5bd893ed73bf47ccccf04dfb98fae743f397d688bb58c2238c0e6ec15d2"},
    {file = "scikit_learn-0.19.1-cp35-cp35m-macosx_10_6_intel.macosx_10_9_intel.macosx_10_9_x86_64.macosx_10_10_intel.macosx_10_10_x86_64.whl", hash = "sha256:95b155ef6bf829ddfba6026f100ba8e4218b7171ecab97b2163bc9e8d206848f"},
    {file = "scikit_learn-0.19.1-cp35-cp35m-manylinux1_i686.whl", hash = "sha256:72c194c5092e921d6107a8de8a5adae58c35bbc54e030ba624b6f02fd823bb21"},
    {file = "scikit_learn-0.19.1-cp35-cp35m-manylinux1_x86_64.whl", hash = "sha256:f528c4b2bba652cf116f5cccf36f4db95a7f9cbfcd1ee549c4e8d0f8628783b5"},
    {file = "scikit_learn-0.19.1-cp35-cp35m-win32.whl", hash = "sha256:d384e6f9a055b7a43492f9d27779adb717eb5dcf78b0603b01d0f070a608d241"},
    {file = "scikit_learn-0.19.1-cp35-cp35m-win_amd64.whl", hash = "sha256:ee8c3b1898c728b6e5b5659c233f547700a1fea13ce876b6fe7d3434c70cc0e0"},
    {file = "scikit_learn-0.19.1-cp36-cp36m-macosx_10_6_intel.macosx_10_9_intel.macosx_10_9_x86_64.macosx_10_10_intel.macosx_10_10_x86_64.whl", hash = "sha256:56cfa19c31edf62e6414da0a337efee37a4af488b135640e67238786b9be6ab3"},
    {file = "scikit_learn-0.19.1-cp36-cp36m-manylinux1_i686.whl", hash = "sha256:5db9e68a384ce80a17fc449d4d5d9b45025fe17cf468429599bf404eccb51049"},
    {file = "scikit_learn-0.19.1-cp36-cp36m-manylinux1_x86_64.whl", hash = "sha256:8b17fc29554c5c98d88142f895516a5bec2b6b61daa815e1193a64c868ad53d2"},
    {file = "scikit_learn-0.19.1-cp36-cp36m-win32.whl", hash = "sha256:13136c6e4f6b808569f7f59299d439b2cd718f85d72ea14b5b6077d44ebc7d17"},
    {file = "scikit_learn-0.19.1-cp36-cp36m-win_amd64.whl", hash = "sha256:ddc1eb10138ae93c136cc4b5945d3977f302b5d693592a4731b2805a7d7f2a74"},
]
scipy = [
    {file = "scipy-1.2.2-cp27-cp27m-macosx_10_6_intel.macosx_10_9_intel.macosx_10_9_x86_64.macosx_10_10_intel.macosx_10_10_x86_64.whl", hash = "sha256:271c6e56c8f9a3d6c3f0bc857d7a6e7cf7a8415c879a3915701cd011e82a83a3"},
    {file = "scipy-1.2.2-cp27-cp27m-manylinux1_i686.whl", hash = "sha256:2eb255b30dac7516c6f3c5237f2e0ad1f1213b5364de409d932249c9a8c5bffb"},
    {file = "scipy-1.2.2-cp27-cp27m-manylinux1_x86_64.whl", hash = "sha256:7f58faa422aa493d7b70dd56d6e8783223e84dd6e7f4b4161bd776b39ecbac92"},
    {file = "scipy-1.2.2-cp27-cp27m-win32.whl", hash = "sha256:d0d41a9ee3264f95820138170b447f5d3e453e5ebd10b411bca37c99237aac69"},
    {file = "scipy-1.2.2-cp27-cp27m-win_amd64.whl", hash = "sha256:b074a83299a82eae617dc46a830cfa7aaa588d07523990507848ee1ded3c52ce"},
    {file = "scipy-1.2.2-cp27-cp27mu-manylinux1_i686.whl", hash = "sha256:49dcebc6f57bce0bd23cb55dbc6144f4990e5cbce9aab3128af03d6b1b4eab6a"},
    {file = "scipy-1.2.2-cp27-cp27mu-manylinux1_x86_64.whl", hash = "sha256:67d2210c7f6f585e1055bee3dc9f15610b5ebb04e80bfaa757868937ee744fec"},
    {file = "scipy-1.2.2-cp34-cp34m-macosx_10_6_intel.macosx_10_9_intel.macosx_10_9_x86_64.macosx_10_10_intel.macosx_10_10_x86_64.whl", hash = "sha256:0bcababa06ff83138a7f30a68f334dee034ce1cc7604f9278b96f62265fe7fd7"},
    {file = "scipy-1.2.2-cp34-cp34m-manylinux1_i686.whl", hash = "sha256:a9fc1fcaa560edf771d4545d7e6dd865a213fc5b485bb127de5dfd32f40094e1"},
    {file = "scipy-1.2.2-cp34-cp34m-manylinux1_x86_64.whl", hash = "sha256:7fb4efff9895116428ad65564d2232fb1cac4b9d84398512a858b09dd4a7fd59"},
    {file = "scipy-1.2.2-cp34-cp34m-win32.whl", hash = "sha256:fbdff021643c2dfa35efd29218e0318c4b4987f48ea432be7e8c02bdb1b0c314"},
    {file = "scipy-1.2.2-cp34-cp34m-win_amd64.whl", hash = "sha256:f4e355afa8fdda11010de308c2376edda29e064cec699974097364115f71e16f"},
    {file = "scipy-1.2.2-cp35-cp35m-macosx_10_6_intel.macosx_10_9_intel.macosx_10_9_x86_64.macosx_10_10_intel.macosx_10_10_x86_64.whl", hash = "sha256:e99cd49daffe7384fd35046c3b14bee98ce87d97c95865469227001905534e13"},
    {file = "scipy-1.2.2-cp35-cp35m-manylinux1_i686.whl", hash = "sha256:447c40d33ec5e0020750fadbb8599220b9eb9fd8798030efe9b308247800f364"},
    {file = "scipy-1.2.2-cp35-cp35m-manylinux1_x86_64.whl", hash = "sha256:9a21d64d002cb3a9239a55c0aa100b48d58b5e38382c0fdfcdfc68cf417d8142"},
    {file = "scipy-1.2.2-cp35-cp35m-win32.whl", hash = "sha256:5fa84b467b5f77c243c5701628ed7a4238e53bc4120db87be7dafa416e842fb9"},
    {file = "scipy-1.2.2-cp35-cp35m-win_amd64.whl", hash = "sha256:682b210ff7a65f6f5245fdf73d26a348b57e42d2059bc5fcf7ed25d063f35c45"},
    {file = "scipy-1.2.2-cp36-cp36m-macosx_10_6_intel.macosx_10_9_intel.macosx_10_9_x86_64.macosx_10_10_intel.macosx_10_10_x86_64.whl", hash = "sha256:bcd0d4b2de5cb3fab69007214a39737e917267f56f887ce9c7732ba3278fc33d"},
    {file = "scipy-1.2.2-cp36-cp36m-manylinux1_i686.whl", hash = "sha256:4686d699f76068757a81269f1a111c0db689bf048a56b131a339803121534fa8"},
    {file = "scipy-1.2.2-cp36-cp36m-manylinux1_x86_64.whl", hash = "sha256:97f26b4b5d4456f44849fd35cad8801f7cae4e64b75fc4e522d26a54aef17391"},
    {file = "scipy-1.2.2-cp36-cp36m-win32.whl", hash = "sha256:922e2370674c82dd1367fc13a08c8765f4e5281a584d871e7cb454828d84600f"},
    {file = "scipy-1.2.2-cp36-cp36m-win_amd64.whl", hash = "sha256:c390f1721757ec983616149f00e1bd0432aa32d2c1d9398930d7e7cc9542c922"},
    {file = "scipy-1.2.2-cp37-cp37m-macosx_10_6_intel.macosx_10_9_intel.macosx_10_9_x86_64.macosx_10_10_intel.macosx_10_10_x86_64.whl", hash = "sha256:47d4623efa71948dc4a92f978fbf6b9fb69dac5b0f0fae4c1a1f3d955ac8aea9"},
    {file = "scipy-1.2.2-cp37-cp37m-manylinux1_i686.whl", hash = "sha256:162b803984ebb76927990d7233cab825d146be8e2a3f6a0efb1b3a61ebacae73"},
    {file = "scipy-1.2.2-cp37-cp37m-manylinux1_x86_64.whl", hash = "sha256:d18d1575d4a54f128c0f34422bd73ce0f177e462d6124f074388e211d8dc2616"},
    {file = "scipy-1.2.2-cp37-cp37m-win32.whl", hash = "sha256:c5b9db9e3f6537bf7b308de12c185b27f22fb9a66fd12efc7aefbcfa0adb4d82"},
    {file = "scipy-1.2.2-cp37-cp37m-win_amd64.whl", hash = "sha256:f64e29a8b32d672fb6078f456bfff3cae8f36b6c8b64c337ad0942f29404b03f"},
    {file = "scipy-1.2.2.tar.gz", hash = "sha256:a4331e0b8dab1ff75d2c67b5158a8bb9a83c799d7140094dda936d876c7cfbb1"},
]
scs = [
    {file = "scs-2.1.1-2.tar.gz", hash = "sha256:f816cfe3d4b4cff3ac2b8b96588c5960ddd2a3dc946bda6b09db04e7bc6577f2"},
    {file = "scs-2.1.1.post2-cp27-cp27m-macosx_10_13_x86_64.whl", hash = "sha256:5a1fa423607bce68ea808fa32d999b78764e67b3d4bcfe06fe743a4b441cc384"},
]
six = [
    {file = "six-1.12.0-py2.py3-none-any.whl", hash = "sha256:3350809f0555b11f552448330d0b52d5f24c91a322ea4a15ef22629740f3761c"},
    {file = "six-1.12.0.tar.gz", hash = "sha256:d16a0141ec1a18405cd4ce8b4613101da75da0e9a7aec5bdd4fa804d0e0eba73"},
]
toolz = [
    {file = "toolz-0.10.0.tar.gz", hash = "sha256:08fdd5ef7c96480ad11c12d472de21acd32359996f69a5259299b540feba4560"},
]
